github.com/a-h/templ v0.3.943 h1:o+mT/4yqhZ33F3ootBiHwaY4HM5EVaOJfIshvd5UNTY=
github.com/a-h/templ v0.3.943/go.mod h1:oCZcnKRf5jjsGpf2yELzQfodLphd2mwecwG4Crk5HBo=
github.com/aws/aws-sdk-go-v2 v1.39.3 h1:h7xSsanJ4EQJXG5iuW4UqgP7qBopLpj84mpkNx3wPjM=
github.com/aws/aws-sdk-go-v2 v1.39.3/go.mod h1:yWSxrnioGUZ4WVv9TgMrNUeLV3PFESn/v+6T/Su8gnM=
github.com/aws/aws-sdk-go-v2/config v1.27.17 h1:L0JZN7Gh7pT6u5CJReKsLhGKparqNKui+mcpxMXjDZc=
github.com/aws/aws-sdk-go-v2/config v1.27.17/go.mod h1:MzM3balLZeaafYcPz8IihAmam/aCz6niPQI0FdprxW0=
github.com/aws/aws-sdk-go-v2/credentials v1.17.17 h1:b3Dk9uxQByS9sc6r0sc2jmxsJKO75eOcb9nNEiaUBLM=
github.com/aws/aws-sdk-go-v2/credentials v1.17.17/go.mod h1:e4khg9iY08LnFK/HXQDWMf9GDaiMari7jWPnXvKAuBU=
github.com/aws/aws-sdk-go-v2/feature/ec2/imds v1.16.4 h1:0cSfTYYL9qiRcdi4Dvz+8s3JUgNR2qvbgZkXcwPEEEk=
github.com/aws/aws-sdk-go-v2/feature/ec2/imds v1.16.4/go.mod h1:Wjn5O9eS7uSi7vlPKt/v0MLTncANn9EMmoDvnzJli6o=
github.com/aws/aws-sdk-go-v2/internal/configsources v1.4.10 h1:mj/bdWleWEh81DtpdHKkw41IrS+r3uw1J/VQtbwYYp8=
github.com/aws/aws-sdk-go-v2/internal/configsources v1.4.10/go.mod h1:7+oEMxAZWP8gZCyjcm9VicI0M61Sx4DJtcGfKYv2yKQ=
github.com/aws/aws-sdk-go-v2/internal/endpoints/v2 v2.7.10 h1:wh+/mn57yhUrFtLIxyFPh2RgxgQz/u+Yrf7hiHGHqKY=
github.com/aws/aws-sdk-go-v2/internal/endpoints/v2 v2.7.10/go.mod h1:7zirD+ryp5gitJJ2m1BBux56ai8RIRDykXZrJSp540w=
github.com/aws/aws-sdk-go-v2/internal/ini v1.8.0 h1:hT8rVHwugYE2lEfdFE0QWVo81lF7jMrYJVDWI+f+VxU=
github.com/aws/aws-sdk-go-v2/internal/ini v1.8.0/go.mod h1:8tu/lYfQfFe6IGnaOdrpVgEL2IrrDOf6/m9RQum4NkY=
github.com/aws/aws-sdk-go-v2/service/cloudwatch v1.51.2 h1:qhdAaOd3+6RVd29hVjfmY4Na9G8KXo13neEzJ5Ex6qI=
github.com/aws/aws-sdk-go-v2/service/cloudwatch v1.51.2/go.mod h1:UKxgP9p4zYI9nG0HrWoPDS7lw9WQoJXIGpfEYLoQgmI=
github.com/aws/aws-sdk-go-v2/service/internal/accept-encoding v1.11.2 h1:Ji0DY1xUsUr3I8cHps0G+XM3WWU16lP6yG8qu1GAZAs=
github.com/aws/aws-sdk-go-v2/service/internal/accept-encoding v1.11.2/go.mod h1:5CsjAbs3NlGQyZNFACh+zztPDI7fU6eW9QsxjfnuBKg=
github.com/aws/aws-sdk-go-v2/service/internal/presigned-url v1.11.10 h1:7kZqP7akv0enu6ykJhb9OYlw16oOrSy+Epus8o/VqMY=
github.com/aws/aws-sdk-go-v2/service/internal/presigned-url v1.11.10/go.mod h1:gYVF3nM1ApfTRDj9pvdhootBb8WbiIejuqn4w8ruMes=
github.com/aws/aws-sdk-go-v2/service/sqs v1.29.3 h1:l4llGwoF3wWh90bxIFSqCqp9gFRnF8UzqAgJ+A43U2U=
github.com/aws/aws-sdk-go-v2/service/sqs v1.29.3/go.mod h1:enJbiMvMXQCop6h23PU+Q1bJiDPUqnLj670Bm1zjdLM=
github.com/aws/aws-sdk-go-v2/service/sso v1.20.10 h1:ItKVmFwbyb/ZnCWf+nu3XBVmUirpO9eGEQd7urnBA0s=
github.com/aws/aws-sdk-go-v2/service/sso v1.20.10/go.mod h1:5XKooCTi9VB/xZmJDvh7uZ+v3uQ7QdX6diOyhvPA+/w=
github.com/aws/aws-sdk-go-v2/service/ssooidc v1.24.4 h1:QMSCYDg3Iyls0KZc/dk3JtS2c1lFfqbmYO10qBPPkJk=
github.com/aws/aws-sdk-go-v2/service/ssooidc v1.24.4/go.mod h1:MZ/PVYU/mRbmSF6WK3ybCYHjA2mig8utVokDEVLDgE0=
github.com/aws/aws-sdk-go-v2/service/sts v1.28.11 h1:HYS0csS7UJxdYRoG+bGgUYrSwVnV3/ece/wHm90TApM=
github.com/aws/aws-sdk-go-v2/service/sts v1.28.11/go.mod h1:QXnthRM35zI92048MMwfFChjFmoufTdhtHmouwNfhhU=
github.com/aws/smithy-go v1.23.1 h1:sLvcH6dfAFwGkHLZ7dGiYF7aK6mg4CgKA/iDKjLDt9M=
github.com/aws/smithy-go v1.23.1/go.mod h1:LEj2LM3rBRQJxPZTB4KuzZkaZYnZPnvgIhb4pu07mx0=
github.com/beorn7/perks v1.0.1 h1:VlbKKnNfV8bJzeqoa4cOKqO6bYr3WgKZxO8Z16+hsOM=
github.com/beorn7/perks v1.0.1/go.mod h1:G2ZrVWU2WbWT9wwq4/hrbKbnv/1ERSJQ0ibhJ6rlkpw=
github.com/cespare/xxhash/v2 v2.2.0 h1:DC2CZ1Ep5Y4k3ZQ899DldepgrayRUGE6BBZ/cd9Cj44=
github.com/cespare/xxhash/v2 v2.2.0/go.mod h1:VGX0DQ3Q6kWi7AoAeZDth3/j3BFtOZR5XLFGgcrjCOs=
github.com/davecgh/go-spew v1.1.1 h1:vj9j/u1bqnvCEfJOwUhtlOARqs3+rkHYY13jYWTU97c=
github.com/davecgh/go-spew v1.1.1/go.mod h1:J7Y8YcW2NihsgmVo/mv3lAwl/skON4iLHjSsI+c5H38=
github.com/go-chi/chi v1.5.5 h1:vOB/HbEMt9QqBqErz07QehcOKHaWFtuj87tTDVz2qXE=
github.com/go-chi/chi v1.5.5/go.mod h1:C9JqLr3tIYjDOZpzn+BCuxY8z8vmca43EeMgyZt7irw=
github.com/golang-jwt/jwt/v5 v5.3.0 h1:pv4AsKCKKZuqlgs5sUmn4x8UlGa0kEVt/puTpKx9vvo=
github.com/golang-jwt/jwt/v5 v5.3.0/go.mod h1:fxCRLWMO43lRc8nhHWY6LGqRcf+1gQWArsqaEUEa5bE=
github.com/google/go-cmp v0.6.0 h1:ofyhxvXcZhMsU5ulbFiLKl/XBFqE1GSq7atu8tAmTRI=
github.com/google/go-cmp v0.6.0/go.mod h1:17dUlkBOakJ0+DkrSSNjCkIjxS6bF9zb3elmeNGIjoY=
github.com/google/uuid v1.6.0 h1:NIvaJDMOsjHA8n1jAhLSgzrAzy1Hgr+hNrb57e+94F0=
github.com/google/uuid v1.6.0/go.mod h1:TIyPZe4MgqvfeYDBFedMoGGpEw/LqOeaOT+nhxU+yHo=
github.com/joho/godotenv v1.5.1 h1:7eLL/+HRGLY0ldzfGMeQkb7vMd0as4CfYvUVzLqw0N0=
github.com/joho/godotenv v1.5.1/go.mod h1:f4LDr5Voq0i2e/R5DDNOoa2zzDfwtkZa6DnEwAbqwq4=
github.com/lib/pq v1.10.9 h1:YXG7RB+JIjhP29X+OtkiDnYaXQwpS4JEWq7dtCCRUEw=
github.com/lib/pq v1.10.9/go.mod h1:AlVN5x4E4T544tWzH6hKfbfQvm3HdbOxrmggDNAPY9o=
github.com/prometheus/client_golang v1.19.0 h1:ygXvpU1AoN1MhdzckN+PyD9QJOSD4x7kmXYlnfbA6JU=
github.com/prometheus/client_golang v1.19.0/go.mod h1:ZRM9uEAypZakd+q/x7+gmsvXdURP+DABIEIjnmDdp+k=
github.com/prometheus/client_model v0.5.0 h1:VQw1hfvPvk3Uv6Qf29VrPF32JB6rtbgI6cYPYQjL0Qw=
github.com/prometheus/client_model v0.5.0/go.mod h1:dTiFglRmd66nLR9Pv9f0mZi7B7fk5Pm3gvsjB5tr+kI=
github.com/prometheus/common v0.48.0 h1:QO8U2CdOzSn1BBsmXJXduaaW+dY/5QLjfB8svtSzKKE=
github.com/prometheus/common v0.48.0/go.mod h1:0/KsvlIEfPQCQ5I2iNSAWKPZziNCvRs5EC6ILDTlAPc=
github.com/prometheus/procfs v0.12.0 h1:jluTpSng7V9hY0O2R9DzzJHYb2xULk9VTR1V1R/k6Bo=
github.com/prometheus/procfs v0.12.0/go.mod h1:pcuDEFsWDnvcgNzo4EEweacyhjeA9Zk3cnaOZAZEfOo=
github.com/sqlc-dev/pqtype v0.3.0 h1:b09TewZ3cSnO5+M1Kqq05y0+OjqIptxELaSayg7bmqk=
github.com/sqlc-dev/pqtype v0.3.0/go.mod h1:oyUjp5981ctiL9UYvj1bVvCKi8OXkCa0u645hce7CAs=
golang.org/x/crypto v0.42.0 h1:chiH31gIWm57EkTXpwnqf8qeuMUi0yekh6mT2AvFlqI=
golang.org/x/crypto v0.42.0/go.mod h1:4+rDnOTJhQCx2q7/j6rAN5XDw8kPjeaXEUR2eL94ix8=
golang.org/x/sys v0.36.0 h1:KVRy2GtZBrk1cBYA7MKu5bEZFxQk4NIDV6RLVcC8o0k=
golang.org/x/sys v0.36.0/go.mod h1:OgkHotnGiDImocRcuBABYBEXf8A9a87e/uXjp9XT3ks=
golang.org/x/time v0.14.0 h1:MRx4UaLrDotUKUdCIqzPC48t1Y9hANFKIRpNx+Te8PI=
golang.org/x/time v0.14.0/go.mod h1:eL/Oa2bBBK0TkX57Fyni+NgnyQQN4LitPmob2Hjnqw4=
google.golang.org/protobuf v1.32.0 h1:pPC6BG5ex8PDFnkbrGU3EixyhKcQ2aDuBS36lqK/C7I=
google.golang.org/protobuf v1.32.0/go.mod h1:c6P6GXX6sHbq/GpV6MGZEdwhWPcYBgnhAHhKbcUYpos=
